
Microsoft Visual Studio Solution File, Format Version 12.00
# Visual Studio 15
VisualStudioVersion = 15.0.27130.2024
MinimumVisualStudioVersion = 10.0.40219.1
Project("{FAE04EC0-301F-11D3-BF4B-00C04F79EFBC}") = "Contacts", "Contacts\Contacts.csproj", "{D0E4170E-D1BA-4B0E-89CB-19B5BEB00086}"
EndProject
Project("{FAE04EC0-301F-11D3-BF4B-00C04F79EFBC}") = "Contacts.Server", "Contacts.Server\Contacts.Server.csproj", "{4E25BFCC-FE3B-4913-8816-B9C98C749F40}"
EndProject
Project("{FAE04EC0-301F-11D3-BF4B-00C04F79EFBC}") = "Contacts.WcfService", "Contacts.WcfService\Contacts.WcfService.csproj", "{4E98620B-2282-4FEB-9E14-649CDF4E7A55}"
EndProject
Global
	GlobalSection(SolutionConfigurationPlatforms) = preSolution
		Debug|Any CPU = Debug|Any CPU
		Release|Any CPU = Release|Any CPU
	EndGlobalSection
	GlobalSection(ProjectConfigurationPlatforms) = postSolution
		{D0E4170E-D1BA-4B0E-89CB-19B5BEB00086}.Debug|Any CPU.ActiveCfg = Debug|Any CPU
		{D0E4170E-D1BA-4B0E-89CB-19B5BEB00086}.Debug|Any CPU.Build.0 = Debug|Any CPU
		{D0E4170E-D1BA-4B0E-89CB-19B5BEB00086}.Release|Any CPU.ActiveCfg = Release|Any CPU
		{D0E4170E-D1BA-4B0E-89CB-19B5BEB00086}.Release|Any CPU.Build.0 = Release|Any CPU
		{4E25BFCC-FE3B-4913-8816-B9C98C749F40}.Debug|Any CPU.ActiveCfg = Debug|Any CPU
		{4E25BFCC-FE3B-4913-8816-B9C98C749F40}.Debug|Any CPU.Build.0 = Debug|Any CPU
		{4E25BFCC-FE3B-4913-8816-B9C98C749F40}.Release|Any CPU.ActiveCfg = Release|Any CPU
		{4E25BFCC-FE3B-4913-8816-B9C98C749F40}.Release|Any CPU.Build.0 = Release|Any CPU
		{4E98620B-2282-4FEB-9E14-649CDF4E7A55}.Debug|Any CPU.ActiveCfg = Debug|Any CPU
		{4E98620B-2282-4FEB-9E14-649CDF4E7A55}.Debug|Any CPU.Build.0 = Debug|Any CPU
		{4E98620B-2282-4FEB-9E14-649CDF4E7A55}.Release|Any CPU.ActiveCfg = Release|Any CPU
		{4E98620B-2282-4FEB-9E14-649CDF4E7A55}.Release|Any CPU.Build.0 = Release|Any CPU
	EndGlobalSection
	GlobalSection(SolutionProperties) = preSolution
		HideSolutionNode = FALSE
	EndGlobalSection
	GlobalSection(ExtensibilityGlobals) = postSolution
		SolutionGuid = {A7E4C1FF-92E4-4788-8BEE-C25296B7A124}
	EndGlobalSection
EndGlobal
